PODS:
  - IBentifiers (1.0.0)
  - Nimble (5.0.0)

DEPENDENCIES:
  - IBentifiers (from `../`)
  - Nimble (~> 5.0)

EXTERNAL SOURCES:
  IBentifiers:
    :path: "../"

SPEC CHECKSUMS:
  IBentifiers: 6bf75e0a4ff97694a35fa4d94108482ce1a2d8a2
  Nimble: 56fc9f5020effa2206de22c3dd910f4fb011b92f

PODFILE CHECKSUM: 6c3ab881e557710f7e6be07d68d4f69c35faa467

COCOAPODS: 1.1.0.rc.2
