PODS:
  - IBentifiers (0.2.2)
  - Nimble (5.0.0)

DEPENDENCIES:
  - IBentifiers (from `../`)
  - Nimble (~> 5.0)

EXTERNAL SOURCES:
  IBentifiers:
    :path: "../"

SPEC CHECKSUMS:
  IBentifiers: 56813ac7df38f475212bf2f2008c0f074c03ff75
  Nimble: 56fc9f5020effa2206de22c3dd910f4fb011b92f

PODFILE CHECKSUM: 6c3ab881e557710f7e6be07d68d4f69c35faa467

COCOAPODS: 1.1.0.rc.2
